
Microsoft Visual Studio Solution File, Format Version 12.00
# Visual Studio Version 17
VisualStudioVersion = 17.14.37111.16
MinimumVisualStudioVersion = 10.0.40219.1
Project("{2150E333-8FDC-42A3-9474-1A3956D46DE8}") = "services", "services", "{5854FF58-B8C5-05C6-5BF2-ACE42193F22B}"
EndProject
Project("{2150E333-8FDC-42A3-9474-1A3956D46DE8}") = "catalog", "catalog", "{944ACC7E-4FFC-A2A2-09E1-98A62C66F8DB}"
EndProject
Project("{2150E333-8FDC-42A3-9474-1A3956D46DE8}") = "src", "src", "{41BBDC93-4E50-1894-3C33-F8A2B62FA41D}"
EndProject
Project("{FAE04EC0-301F-11D3-BF4B-00C04F79EFBC}") = "Catalog.Domain", "services\catalog\src\Catalog.Domain\Catalog.Domain.csproj", "{A0F9FD51-A67D-483A-A2D9-5EC42DC6B14C}"
EndProject
Project("{FAE04EC0-301F-11D3-BF4B-00C04F79EFBC}") = "Catalog.Application", "services\catalog\src\Catalog.Application\Catalog.Application.csproj", "{F559FAAE-6B3B-4383-8D4B-D83E8BB77A85}"
EndProject
Project("{FAE04EC0-301F-11D3-BF4B-00C04F79EFBC}") = "Catalog.Infrastructure", "services\catalog\src\Catalog.Infrastructure\Catalog.Infrastructure.csproj", "{A4AA77E1-0350-470E-8E52-C769A0F063C0}"
EndProject
Project("{FAE04EC0-301F-11D3-BF4B-00C04F79EFBC}") = "Catalog.Api", "services\catalog\src\Catalog.Api\Catalog.Api.csproj", "{0BDCC4C3-B497-4C8F-AAF8-7DAB0DCAFB98}"
EndProject
Project("{2150E333-8FDC-42A3-9474-1A3956D46DE8}") = "tests", "tests", "{26B96603-2099-C782-EFE9-34CF1538469E}"
EndProject
Project("{FAE04EC0-301F-11D3-BF4B-00C04F79EFBC}") = "Catalog.IntegrationTests", "services\catalog\tests\Catalog.IntegrationTests\Catalog.IntegrationTests.csproj", "{755D0931-5996-46E2-938C-2EF0E5F68FF6}"
EndProject
Project("{2150E333-8FDC-42A3-9474-1A3956D46DE8}") = "basket", "basket", "{5991CCA7-7B8E-F5C0-A704-5C636E45E198}"
EndProject
Project("{2150E333-8FDC-42A3-9474-1A3956D46DE8}") = "src", "src", "{53B6F2B2-53C8-F0D3-C98B-E566CDA426CD}"
EndProject
Project("{FAE04EC0-301F-11D3-BF4B-00C04F79EFBC}") = "Basket.Domain", "services\basket\src\Basket.Domain\Basket.Domain.csproj", "{C2E94F66-1498-4280-A6EF-77CDCF22689F}"
EndProject
Project("{FAE04EC0-301F-11D3-BF4B-00C04F79EFBC}") = "Basket.Application", "services\basket\src\Basket.Application\Basket.Application.csproj", "{2F82E8E6-4745-456F-A94C-C85CA2F42194}"
EndProject
Project("{FAE04EC0-301F-11D3-BF4B-00C04F79EFBC}") = "Basket.Infrastructure", "services\basket\src\Basket.Infrastructure\Basket.Infrastructure.csproj", "{44505917-9431-427C-B6FE-93F7D03E2E0A}"
EndProject
Project("{FAE04EC0-301F-11D3-BF4B-00C04F79EFBC}") = "Basket.Api", "services\basket\src\Basket.Api\Basket.Api.csproj", "{E360CEE6-995C-4A96-B0CC-7585EF634C4A}"
EndProject
Project("{2150E333-8FDC-42A3-9474-1A3956D46DE8}") = "tests", "tests", "{20A155DE-9D8E-6442-D116-B4698BBF946D}"
EndProject
Project("{FAE04EC0-301F-11D3-BF4B-00C04F79EFBC}") = "Basket.UnitTests", "services\basket\tests\Basket.UnitTests\Basket.UnitTests.csproj", "{F395CBC5-A359-40AB-BFF0-EAA0468B0EEA}"
EndProject
Project("{FAE04EC0-301F-11D3-BF4B-00C04F79EFBC}") = "Basket.IntegrationTests", "services\basket\tests\Basket.IntegrationTests\Basket.IntegrationTests.csproj", "{A251142E-6BA6-4B47-998E-F62C897F6B5E}"
EndProject
Global
	GlobalSection(SolutionConfigurationPlatforms) = preSolution
		Debug|Any CPU = Debug|Any CPU
		Debug|x64 = Debug|x64
		Debug|x86 = Debug|x86
		Release|Any CPU = Release|Any CPU
		Release|x64 = Release|x64
		Release|x86 = Release|x86
	EndGlobalSection
	GlobalSection(ProjectConfigurationPlatforms) = postSolution
		{A0F9FD51-A67D-483A-A2D9-5EC42DC6B14C}.Debug|Any CPU.ActiveCfg = Debug|Any CPU
		{A0F9FD51-A67D-483A-A2D9-5EC42DC6B14C}.Debug|Any CPU.Build.0 = Debug|Any CPU
		{A0F9FD51-A67D-483A-A2D9-5EC42DC6B14C}.Debug|x64.ActiveCfg = Debug|Any CPU
		{A0F9FD51-A67D-483A-A2D9-5EC42DC6B14C}.Debug|x64.Build.0 = Debug|Any CPU
		{A0F9FD51-A67D-483A-A2D9-5EC42DC6B14C}.Debug|x86.ActiveCfg = Debug|Any CPU
		{A0F9FD51-A67D-483A-A2D9-5EC42DC6B14C}.Debug|x86.Build.0 = Debug|Any CPU
		{A0F9FD51-A67D-483A-A2D9-5EC42DC6B14C}.Release|Any CPU.ActiveCfg = Release|Any CPU
		{A0F9FD51-A67D-483A-A2D9-5EC42DC6B14C}.Release|Any CPU.Build.0 = Release|Any CPU
		{A0F9FD51-A67D-483A-A2D9-5EC42DC6B14C}.Release|x64.ActiveCfg = Release|Any CPU
		{A0F9FD51-A67D-483A-A2D9-5EC42DC6B14C}.Release|x64.Build.0 = Release|Any CPU
		{A0F9FD51-A67D-483A-A2D9-5EC42DC6B14C}.Release|x86.ActiveCfg = Release|Any CPU
		{A0F9FD51-A67D-483A-A2D9-5EC42DC6B14C}.Release|x86.Build.0 = Release|Any CPU
		{F559FAAE-6B3B-4383-8D4B-D83E8BB77A85}.Debug|Any CPU.ActiveCfg = Debug|Any CPU
		{F559FAAE-6B3B-4383-8D4B-D83E8BB77A85}.Debug|Any CPU.Build.0 = Debug|Any CPU
		{F559FAAE-6B3B-4383-8D4B-D83E8BB77A85}.Debug|x64.ActiveCfg = Debug|Any CPU
		{F559FAAE-6B3B-4383-8D4B-D83E8BB77A85}.Debug|x64.Build.0 = Debug|Any CPU
		{F559FAAE-6B3B-4383-8D4B-D83E8BB77A85}.Debug|x86.ActiveCfg = Debug|Any CPU
		{F559FAAE-6B3B-4383-8D4B-D83E8BB77A85}.Debug|x86.Build.0 = Debug|Any CPU
		{F559FAAE-6B3B-4383-8D4B-D83E8BB77A85}.Release|Any CPU.ActiveCfg = Release|Any CPU
		{F559FAAE-6B3B-4383-8D4B-D83E8BB77A85}.Release|Any CPU.Build.0 = Release|Any CPU
		{F559FAAE-6B3B-4383-8D4B-D83E8BB77A85}.Release|x64.ActiveCfg = Release|Any CPU
		{F559FAAE-6B3B-4383-8D4B-D83E8BB77A85}.Release|x64.Build.0 = Release|Any CPU
		{F559FAAE-6B3B-4383-8D4B-D83E8BB77A85}.Release|x86.ActiveCfg = Release|Any CPU
		{F559FAAE-6B3B-4383-8D4B-D83E8BB77A85}.Release|x86.Build.0 = Release|Any CPU
		{A4AA77E1-0350-470E-8E52-C769A0F063C0}.Debug|Any CPU.ActiveCfg = Debug|Any CPU
		{A4AA77E1-0350-470E-8E52-C769A0F063C0}.Debug|Any CPU.Build.0 = Debug|Any CPU
		{A4AA77E1-0350-470E-8E52-C769A0F063C0}.Debug|x64.ActiveCfg = Debug|Any CPU
		{A4AA77E1-0350-470E-8E52-C769A0F063C0}.Debug|x64.Build.0 = Debug|Any CPU
		{A4AA77E1-0350-470E-8E52-C769A0F063C0}.Debug|x86.ActiveCfg = Debug|Any CPU
		{A4AA77E1-0350-470E-8E52-C769A0F063C0}.Debug|x86.Build.0 = Debug|Any CPU
		{A4AA77E1-0350-470E-8E52-C769A0F063C0}.Release|Any CPU.ActiveCfg = Release|Any CPU
		{A4AA77E1-0350-470E-8E52-C769A0F063C0}.Release|Any CPU.Build.0 = Release|Any CPU
		{A4AA77E1-0350-470E-8E52-C769A0F063C0}.Release|x64.ActiveCfg = Release|Any CPU
		{A4AA77E1-0350-470E-8E52-C769A0F063C0}.Release|x64.Build.0 = Release|Any CPU
		{A4AA77E1-0350-470E-8E52-C769A0F063C0}.Release|x86.ActiveCfg = Release|Any CPU
		{A4AA77E1-0350-470E-8E52-C769A0F063C0}.Release|x86.Build.0 = Release|Any CPU
		{0BDCC4C3-B497-4C8F-AAF8-7DAB0DCAFB98}.Debug|Any CPU.ActiveCfg = Debug|Any CPU
		{0BDCC4C3-B497-4C8F-AAF8-7DAB0DCAFB98}.Debug|Any CPU.Build.0 = Debug|Any CPU
		{0BDCC4C3-B497-4C8F-AAF8-7DAB0DCAFB98}.Debug|x64.ActiveCfg = Debug|Any CPU
		{0BDCC4C3-B497-4C8F-AAF8-7DAB0DCAFB98}.Debug|x64.Build.0 = Debug|Any CPU
		{0BDCC4C3-B497-4C8F-AAF8-7DAB0DCAFB98}.Debug|x86.ActiveCfg = Debug|Any CPU
		{0BDCC4C3-B497-4C8F-AAF8-7DAB0DCAFB98}.Debug|x86.Build.0 = Debug|Any CPU
		{0BDCC4C3-B497-4C8F-AAF8-7DAB0DCAFB98}.Release|Any CPU.ActiveCfg = Release|Any CPU
		{0BDCC4C3-B497-4C8F-AAF8-7DAB0DCAFB98}.Release|Any CPU.Build.0 = Release|Any CPU
		{0BDCC4C3-B497-4C8F-AAF8-7DAB0DCAFB98}.Release|x64.ActiveCfg = Release|Any CPU
		{0BDCC4C3-B497-4C8F-AAF8-7DAB0DCAFB98}.Release|x64.Build.0 = Release|Any CPU
		{0BDCC4C3-B497-4C8F-AAF8-7DAB0DCAFB98}.Release|x86.ActiveCfg = Release|Any CPU
		{0BDCC4C3-B497-4C8F-AAF8-7DAB0DCAFB98}.Release|x86.Build.0 = Release|Any CPU
		{755D0931-5996-46E2-938C-2EF0E5F68FF6}.Debug|Any CPU.ActiveCfg = Debug|Any CPU
		{755D0931-5996-46E2-938C-2EF0E5F68FF6}.Debug|Any CPU.Build.0 = Debug|Any CPU
		{755D0931-5996-46E2-938C-2EF0E5F68FF6}.Debug|x64.ActiveCfg = Debug|Any CPU
		{755D0931-5996-46E2-938C-2EF0E5F68FF6}.Debug|x64.Build.0 = Debug|Any CPU
		{755D0931-5996-46E2-938C-2EF0E5F68FF6}.Debug|x86.ActiveCfg = Debug|Any CPU
		{755D0931-5996-46E2-938C-2EF0E5F68FF6}.Debug|x86.Build.0 = Debug|Any CPU
		{755D0931-5996-46E2-938C-2EF0E5F68FF6}.Release|Any CPU.ActiveCfg = Release|Any CPU
		{755D0931-5996-46E2-938C-2EF0E5F68FF6}.Release|Any CPU.Build.0 = Release|Any CPU
		{755D0931-5996-46E2-938C-2EF0E5F68FF6}.Release|x64.ActiveCfg = Release|Any CPU
		{755D0931-5996-46E2-938C-2EF0E5F68FF6}.Release|x64.Build.0 = Release|Any CPU
		{755D0931-5996-46E2-938C-2EF0E5F68FF6}.Release|x86.ActiveCfg = Release|Any CPU
		{755D0931-5996-46E2-938C-2EF0E5F68FF6}.Release|x86.Build.0 = Release|Any CPU
		{C2E94F66-1498-4280-A6EF-77CDCF22689F}.Debug|Any CPU.ActiveCfg = Debug|Any CPU
		{C2E94F66-1498-4280-A6EF-77CDCF22689F}.Debug|Any CPU.Build.0 = Debug|Any CPU
		{C2E94F66-1498-4280-A6EF-77CDCF22689F}.Debug|x64.ActiveCfg = Debug|Any CPU
		{C2E94F66-1498-4280-A6EF-77CDCF22689F}.Debug|x64.Build.0 = Debug|Any CPU
		{C2E94F66-1498-4280-A6EF-77CDCF22689F}.Debug|x86.ActiveCfg = Debug|Any CPU
		{C2E94F66-1498-4280-A6EF-77CDCF22689F}.Debug|x86.Build.0 = Debug|Any CPU
		{C2E94F66-1498-4280-A6EF-77CDCF22689F}.Release|Any CPU.ActiveCfg = Release|Any CPU
		{C2E94F66-1498-4280-A6EF-77CDCF22689F}.Release|Any CPU.Build.0 = Release|Any CPU
		{C2E94F66-1498-4280-A6EF-77CDCF22689F}.Release|x64.ActiveCfg = Release|Any CPU
		{C2E94F66-1498-4280-A6EF-77CDCF22689F}.Release|x64.Build.0 = Release|Any CPU
		{C2E94F66-1498-4280-A6EF-77CDCF22689F}.Release|x86.ActiveCfg = Release|Any CPU
		{C2E94F66-1498-4280-A6EF-77CDCF22689F}.Release|x86.Build.0 = Release|Any CPU
		{2F82E8E6-4745-456F-A94C-C85CA2F42194}.Debug|Any CPU.ActiveCfg = Debug|Any CPU
		{2F82E8E6-4745-456F-A94C-C85CA2F42194}.Debug|Any CPU.Build.0 = Debug|Any CPU
		{2F82E8E6-4745-456F-A94C-C85CA2F42194}.Debug|x64.ActiveCfg = Debug|Any CPU
		{2F82E8E6-4745-456F-A94C-C85CA2F42194}.Debug|x64.Build.0 = Debug|Any CPU
		{2F82E8E6-4745-456F-A94C-C85CA2F42194}.Debug|x86.ActiveCfg = Debug|Any CPU
		{2F82E8E6-4745-456F-A94C-C85CA2F42194}.Debug|x86.Build.0 = Debug|Any CPU
		{2F82E8E6-4745-456F-A94C-C85CA2F42194}.Release|Any CPU.ActiveCfg = Release|Any CPU
		{2F82E8E6-4745-456F-A94C-C85CA2F42194}.Release|Any CPU.Build.0 = Release|Any CPU
		{2F82E8E6-4745-456F-A94C-C85CA2F42194}.Release|x64.ActiveCfg = Release|Any CPU
		{2F82E8E6-4745-456F-A94C-C85CA2F42194}.Release|x64.Build.0 = Release|Any CPU
		{2F82E8E6-4745-456F-A94C-C85CA2F42194}.Release|x86.ActiveCfg = Release|Any CPU
		{2F82E8E6-4745-456F-A94C-C85CA2F42194}.Release|x86.Build.0 = Release|Any CPU
		{44505917-9431-427C-B6FE-93F7D03E2E0A}.Debug|Any CPU.ActiveCfg = Debug|Any CPU
		{44505917-9431-427C-B6FE-93F7D03E2E0A}.Debug|Any CPU.Build.0 = Debug|Any CPU
		{44505917-9431-427C-B6FE-93F7D03E2E0A}.Debug|x64.ActiveCfg = Debug|Any CPU
		{44505917-9431-427C-B6FE-93F7D03E2E0A}.Debug|x64.Build.0 = Debug|Any CPU
		{44505917-9431-427C-B6FE-93F7D03E2E0A}.Debug|x86.ActiveCfg = Debug|Any CPU
		{44505917-9431-427C-B6FE-93F7D03E2E0A}.Debug|x86.Build.0 = Debug|Any CPU
		{44505917-9431-427C-B6FE-93F7D03E2E0A}.Release|Any CPU.ActiveCfg = Release|Any CPU
		{44505917-9431-427C-B6FE-93F7D03E2E0A}.Release|Any CPU.Build.0 = Release|Any CPU
		{44505917-9431-427C-B6FE-93F7D03E2E0A}.Release|x64.ActiveCfg = Release|Any CPU
		{44505917-9431-427C-B6FE-93F7D03E2E0A}.Release|x64.Build.0 = Release|Any CPU
		{44505917-9431-427C-B6FE-93F7D03E2E0A}.Release|x86.ActiveCfg = Release|Any CPU
		{44505917-9431-427C-B6FE-93F7D03E2E0A}.Release|x86.Build.0 = Release|Any CPU
		{E360CEE6-995C-4A96-B0CC-7585EF634C4A}.Debug|Any CPU.ActiveCfg = Debug|Any CPU
		{E360CEE6-995C-4A96-B0CC-7585EF634C4A}.Debug|Any CPU.Build.0 = Debug|Any CPU
		{E360CEE6-995C-4A96-B0CC-7585EF634C4A}.Debug|x64.ActiveCfg = Debug|Any CPU
		{E360CEE6-995C-4A96-B0CC-7585EF634C4A}.Debug|x64.Build.0 = Debug|Any CPU
		{E360CEE6-995C-4A96-B0CC-7585EF634C4A}.Debug|x86.ActiveCfg = Debug|Any CPU
		{E360CEE6-995C-4A96-B0CC-7585EF634C4A}.Debug|x86.Build.0 = Debug|Any CPU
		{E360CEE6-995C-4A96-B0CC-7585EF634C4A}.Release|Any CPU.ActiveCfg = Release|Any CPU
		{E360CEE6-995C-4A96-B0CC-7585EF634C4A}.Release|Any CPU.Build.0 = Release|Any CPU
		{E360CEE6-995C-4A96-B0CC-7585EF634C4A}.Release|x64.ActiveCfg = Release|Any CPU
		{E360CEE6-995C-4A96-B0CC-7585EF634C4A}.Release|x64.Build.0 = Release|Any CPU
		{E360CEE6-995C-4A96-B0CC-7585EF634C4A}.Release|x86.ActiveCfg = Release|Any CPU
		{E360CEE6-995C-4A96-B0CC-7585EF634C4A}.Release|x86.Build.0 = Release|Any CPU
		{F395CBC5-A359-40AB-BFF0-EAA0468B0EEA}.Debug|Any CPU.ActiveCfg = Debug|Any CPU
		{F395CBC5-A359-40AB-BFF0-EAA0468B0EEA}.Debug|Any CPU.Build.0 = Debug|Any CPU
		{F395CBC5-A359-40AB-BFF0-EAA0468B0EEA}.Debug|x64.ActiveCfg = Debug|Any CPU
		{F395CBC5-A359-40AB-BFF0-EAA0468B0EEA}.Debug|x64.Build.0 = Debug|Any CPU
		{F395CBC5-A359-40AB-BFF0-EAA0468B0EEA}.Debug|x86.ActiveCfg = Debug|Any CPU
		{F395CBC5-A359-40AB-BFF0-EAA0468B0EEA}.Debug|x86.Build.0 = Debug|Any CPU
		{F395CBC5-A359-40AB-BFF0-EAA0468B0EEA}.Release|Any CPU.ActiveCfg = Release|Any CPU
		{F395CBC5-A359-40AB-BFF0-EAA0468B0EEA}.Release|Any CPU.Build.0 = Release|Any CPU
		{F395CBC5-A359-40AB-BFF0-EAA0468B0EEA}.Release|x64.ActiveCfg = Release|Any CPU
		{F395CBC5-A359-40AB-BFF0-EAA0468B0EEA}.Release|x64.Build.0 = Release|Any CPU
		{F395CBC5-A359-40AB-BFF0-EAA0468B0EEA}.Release|x86.ActiveCfg = Release|Any CPU
		{F395CBC5-A359-40AB-BFF0-EAA0468B0EEA}.Release|x86.Build.0 = Release|Any CPU
		{A251142E-6BA6-4B47-998E-F62C897F6B5E}.Debug|Any CPU.ActiveCfg = Debug|Any CPU
		{A251142E-6BA6-4B47-998E-F62C897F6B5E}.Debug|Any CPU.Build.0 = Debug|Any CPU
		{A251142E-6BA6-4B47-998E-F62C897F6B5E}.Debug|x64.ActiveCfg = Debug|Any CPU
		{A251142E-6BA6-4B47-998E-F62C897F6B5E}.Debug|x64.Build.0 = Debug|Any CPU
		{A251142E-6BA6-4B47-998E-F62C897F6B5E}.Debug|x86.ActiveCfg = Debug|Any CPU
		{A251142E-6BA6-4B47-998E-F62C897F6B5E}.Debug|x86.Build.0 = Debug|Any CPU
		{A251142E-6BA6-4B47-998E-F62C897F6B5E}.Release|Any CPU.ActiveCfg = Release|Any CPU
		{A251142E-6BA6-4B47-998E-F62C897F6B5E}.Release|Any CPU.Build.0 = Release|Any CPU
		{A251142E-6BA6-4B47-998E-F62C897F6B5E}.Release|x64.ActiveCfg = Release|Any CPU
		{A251142E-6BA6-4B47-998E-F62C897F6B5E}.Release|x64.Build.0 = Release|Any CPU
		{A251142E-6BA6-4B47-998E-F62C897F6B5E}.Release|x86.ActiveCfg = Release|Any CPU
		{A251142E-6BA6-4B47-998E-F62C897F6B5E}.Release|x86.Build.0 = Release|Any CPU
	EndGlobalSection
	GlobalSection(SolutionProperties) = preSolution
		HideSolutionNode = FALSE
	EndGlobalSection
	GlobalSection(NestedProjects) = preSolution
		{944ACC7E-4FFC-A2A2-09E1-98A62C66F8DB} = {5854FF58-B8C5-05C6-5BF2-ACE42193F22B}
		{41BBDC93-4E50-1894-3C33-F8A2B62FA41D} = {944ACC7E-4FFC-A2A2-09E1-98A62C66F8DB}
		{A0F9FD51-A67D-483A-A2D9-5EC42DC6B14C} = {41BBDC93-4E50-1894-3C33-F8A2B62FA41D}
		{F559FAAE-6B3B-4383-8D4B-D83E8BB77A85} = {41BBDC93-4E50-1894-3C33-F8A2B62FA41D}
		{A4AA77E1-0350-470E-8E52-C769A0F063C0} = {41BBDC93-4E50-1894-3C33-F8A2B62FA41D}
		{0BDCC4C3-B497-4C8F-AAF8-7DAB0DCAFB98} = {41BBDC93-4E50-1894-3C33-F8A2B62FA41D}
		{26B96603-2099-C782-EFE9-34CF1538469E} = {944ACC7E-4FFC-A2A2-09E1-98A62C66F8DB}
		{755D0931-5996-46E2-938C-2EF0E5F68FF6} = {26B96603-2099-C782-EFE9-34CF1538469E}
		{5991CCA7-7B8E-F5C0-A704-5C636E45E198} = {5854FF58-B8C5-05C6-5BF2-ACE42193F22B}
		{53B6F2B2-53C8-F0D3-C98B-E566CDA426CD} = {5991CCA7-7B8E-F5C0-A704-5C636E45E198}
		{C2E94F66-1498-4280-A6EF-77CDCF22689F} = {53B6F2B2-53C8-F0D3-C98B-E566CDA426CD}
		{2F82E8E6-4745-456F-A94C-C85CA2F42194} = {53B6F2B2-53C8-F0D3-C98B-E566CDA426CD}
		{44505917-9431-427C-B6FE-93F7D03E2E0A} = {53B6F2B2-53C8-F0D3-C98B-E566CDA426CD}
		{E360CEE6-995C-4A96-B0CC-7585EF634C4A} = {53B6F2B2-53C8-F0D3-C98B-E566CDA426CD}
		{20A155DE-9D8E-6442-D116-B4698BBF946D} = {5991CCA7-7B8E-F5C0-A704-5C636E45E198}
		{F395CBC5-A359-40AB-BFF0-EAA0468B0EEA} = {20A155DE-9D8E-6442-D116-B4698BBF946D}
		{A251142E-6BA6-4B47-998E-F62C897F6B5E} = {20A155DE-9D8E-6442-D116-B4698BBF946D}
	EndGlobalSection
	GlobalSection(ExtensibilityGlobals) = postSolution
		SolutionGuid = {FB4D6DC7-12D1-4FE8-AC75-2F792313936A}
	EndGlobalSection
EndGlobal
